{
    "_readme": [
        "This file locks the dependencies of your project to a known state",
        "Read more about it at https://getcomposer.org/doc/01-basic-usage.md#installing-dependencies",
        "This file is @generated automatically"
    ],
    "content-hash": "0b08bef8d71b358a732012776dd27ba0",
    "packages": [
        {
            "name": "symfony/finder",
            "version": "v7.1.1",
            "source": {
                "type": "git",
                "url": "https://github.com/symfony/finder.git",
                "reference": "fbb0ba67688b780efbc886c1a0a0948dcf7205d6"
            },
            "dist": {
                "type": "zip",
                "url": "https://api.github.com/repos/symfony/finder/zipball/fbb0ba67688b780efbc886c1a0a0948dcf7205d6",
                "reference": "fbb0ba67688b780efbc886c1a0a0948dcf7205d6",
                "shasum": ""
            },
            "require": {
                "php": ">=8.2"
            },
            "require-dev": {
                "symfony/filesystem": "^6.4|^7.0"
            },
            "type": "library",
            "autoload": {
                "psr-4": {
                    "Symfony\\Component\\Finder\\": ""
                },
                "exclude-from-classmap": [
                    "/Tests/"
                ]
            },
            "notification-url": "https://packagist.org/downloads/",
            "license": [
                "MIT"
            ],
            "authors": [
                {
                    "name": "Fabien Potencier",
                    "email": "fabien@symfony.com"
                },
                {
                    "name": "Symfony Community",
                    "homepage": "https://symfony.com/contributors"
                }
            ],
            "description": "Finds files and directories via an intuitive fluent interface",
            "homepage": "https://symfony.com",
            "support": {
                "source": "https://github.com/symfony/finder/tree/v7.1.1"
            },
            "funding": [
                {
                    "url": "https://symfony.com/sponsor",
                    "type": "custom"
                },
                {
                    "url": "https://github.com/fabpot",
                    "type": "github"
                },
                {
                    "url": "https://tidelift.com/funding/github/packagist/symfony/symfony",
                    "type": "tidelift"
                }
            ],
            "time": "2024-05-31T14:57:53+00:00"
        },
        {
            "name": "symfony/flex",
            "version": "v2.4.5",
            "source": {
                "type": "git",
                "url": "https://github.com/symfony/flex.git",
                "reference": "b0a405f40614c9f584b489d54f91091817b0e26e"
            },
            "dist": {
                "type": "zip",
                "url": "https://api.github.com/repos/symfony/flex/zipball/b0a405f40614c9f584b489d54f91091817b0e26e",
                "reference": "b0a405f40614c9f584b489d54f91091817b0e26e",
                "shasum": ""
            },
            "require": {
                "composer-plugin-api": "^2.1",
                "php": ">=8.0"
            },
            "require-dev": {
                "composer/composer": "^2.1",
                "symfony/dotenv": "^5.4|^6.0",
                "symfony/filesystem": "^5.4|^6.0",
                "symfony/phpunit-bridge": "^5.4|^6.0",
                "symfony/process": "^5.4|^6.0"
            },
            "type": "composer-plugin",
            "extra": {
                "class": "Symfony\\Flex\\Flex"
            },
            "autoload": {
                "psr-4": {
                    "Symfony\\Flex\\": "src"
                }
            },
            "notification-url": "https://packagist.org/downloads/",
            "license": [
                "MIT"
            ],
            "authors": [
                {
                    "name": "Fabien Potencier",
                    "email": "fabien.potencier@gmail.com"
                }
            ],
            "description": "Composer plugin for Symfony",
            "support": {
                "issues": "https://github.com/symfony/flex/issues",
                "source": "https://github.com/symfony/flex/tree/v2.4.5"
            },
            "funding": [
                {
                    "url": "https://symfony.com/sponsor",
                    "type": "custom"
                },
                {
                    "url": "https://github.com/fabpot",
                    "type": "github"
                },
                {
                    "url": "https://tidelift.com/funding/github/packagist/symfony/symfony",
                    "type": "tidelift"
                }
            ],
            "time": "2024-03-02T08:16:47+00:00"
        },
        {
            "name": "symfony/skeleton",
            "version": "v7.1.99",
            "source": {
                "type": "git",
                "url": "https://github.com/symfony/skeleton.git",
                "reference": "3f788823f29584da1e62497015fea21814f03f59"
            },
            "dist": {
                "type": "zip",
                "url": "https://api.github.com/repos/symfony/skeleton/zipball/3f788823f29584da1e62497015fea21814f03f59",
                "reference": "3f788823f29584da1e62497015fea21814f03f59",
                "shasum": ""
            },
            "require": {
                "ext-ctype": "*",
                "ext-iconv": "*",
                "php": ">=8.2",
                "symfony/flex": "^2"
            },
            "conflict": {
                "symfony/symfony": "*"
            },
            "replace": {
                "symfony/polyfill-ctype": "*",
                "symfony/polyfill-iconv": "*",
                "symfony/polyfill-php72": "*",
                "symfony/polyfill-php73": "*",
                "symfony/polyfill-php74": "*",
                "symfony/polyfill-php80": "*",
                "symfony/polyfill-php81": "*",
                "symfony/polyfill-php82": "*"
            },
            "type": "project",
            "extra": {
                "symfony": {
                    "allow-contrib": false,
                    "require": "7.1.*"
                }
            },
            "autoload": {
                "psr-4": {
                    "App\\": "src/"
                }
            },
            "notification-url": "https://packagist.org/downloads/",
            "license": [
                "MIT"
            ],
            "description": "A minimal Symfony project recommended to create bare bones applications",
            "support": {
                "issues": "https://github.com/symfony/skeleton/issues",
                "source": "https://github.com/symfony/skeleton/tree/v7.1.99"
            },
            "funding": [
                {
                    "url": "https://symfony.com/sponsor",
                    "type": "custom"
                },
                {
                    "url": "https://github.com/fabpot",
                    "type": "github"
                },
                {
                    "url": "https://tidelift.com/funding/github/packagist/symfony/symfony",
                    "type": "tidelift"
                }
            ],
            "time": "2024-05-31T07:46:03+00:00"
        }
    ],
    "packages-dev": [],
    "aliases": [],
    "minimum-stability": "stable",
    "stability-flags": [],
    "prefer-stable": false,
    "prefer-lowest": false,
    "platform": [],
    "platform-dev": [],
    "plugin-api-version": "2.6.0"
}
